
Microsoft Visual Studio Solution File, Format Version 12.00
# Visual Studio Version 17
VisualStudioVersion = 17.11.35208.52
MinimumVisualStudioVersion = 10.0.40219.1
Project("{FAE04EC0-301F-11D3-BF4B-00C04F79EFBC}") = "HomeWork6.1", "HomeWork6.1\HomeWork6.1.csproj", "{51700922-82A9-406D-8948-86C3E5E7565C}"
EndProject
Global
	GlobalSection(SolutionConfigurationPlatforms) = preSolution
		Debug|Any CPU = Debug|Any CPU
		Release|Any CPU = Release|Any CPU
	EndGlobalSection
	GlobalSection(ProjectConfigurationPlatforms) = postSolution
		{51700922-82A9-406D-8948-86C3E5E7565C}.Debug|Any CPU.ActiveCfg = Debug|Any CPU
		{51700922-82A9-406D-8948-86C3E5E7565C}.Debug|Any CPU.Build.0 = Debug|Any CPU
		{51700922-82A9-406D-8948-86C3E5E7565C}.Release|Any CPU.ActiveCfg = Release|Any CPU
		{51700922-82A9-406D-8948-86C3E5E7565C}.Release|Any CPU.Build.0 = Release|Any CPU
	EndGlobalSection
	GlobalSection(SolutionProperties) = preSolution
		HideSolutionNode = FALSE
	EndGlobalSection
	GlobalSection(ExtensibilityGlobals) = postSolution
		SolutionGuid = {3062C8BA-2C5C-4837-9050-97961FEF6EC5}
	EndGlobalSection
EndGlobal
